
Microsoft Visual Studio Solution File, Format Version 12.00
# Visual Studio Version 17
VisualStudioVersion = 17.8.34511.84
MinimumVisualStudioVersion = 10.0.40219.1
Project("{FAE04EC0-301F-11D3-BF4B-00C04F79EFBC}") = "BilibiliUnfollowUsers", "BilibiliUnfollowUsers\BilibiliUnfollowUsers.csproj", "{ADEB8311-536B-45DB-948E-77C300D1013A}"
EndProject
Global
	GlobalSection(SolutionConfigurationPlatforms) = preSolution
		Debug|Any CPU = Debug|Any CPU
		Release|Any CPU = Release|Any CPU
	EndGlobalSection
	GlobalSection(ProjectConfigurationPlatforms) = postSolution
		{ADEB8311-536B-45DB-948E-77C300D1013A}.Debug|Any CPU.ActiveCfg = Debug|Any CPU
		{ADEB8311-536B-45DB-948E-77C300D1013A}.Debug|Any CPU.Build.0 = Debug|Any CPU
		{ADEB8311-536B-45DB-948E-77C300D1013A}.Release|Any CPU.ActiveCfg = Release|Any CPU
		{ADEB8311-536B-45DB-948E-77C300D1013A}.Release|Any CPU.Build.0 = Release|Any CPU
	EndGlobalSection
	GlobalSection(SolutionProperties) = preSolution
		HideSolutionNode = FALSE
	EndGlobalSection
	GlobalSection(ExtensibilityGlobals) = postSolution
		SolutionGuid = {75C61D44-D4B9-4B2F-8DD2-C1FCE30AAAF1}
	EndGlobalSection
EndGlobal
